// !$*UTF8*$!
{
	archiveVersion = 1;
	classes = {
	};
	objectVersion = 50;
	objects = {

/* Begin PBXBuildFile section */
		2866E3492118231400279953 /* AppDelegate.m in Sources */ = {isa = PBXBuildFile; fileRef = 2866E3482118231400279953 /* AppDelegate.m */; };
		2866E34C2118231400279953 /* ViewController.m in Sources */ = {isa = PBXBuildFile; fileRef = 2866E34B2118231400279953 /* ViewController.m */; };
		2866E34F2118231400279953 /* Main.storyboard in Resources */ = {isa = PBXBuildFile; fileRef = 2866E34D2118231400279953 /* Main.storyboard */; };
		2866E3512118231600279953 /* Assets.xcassets in Resources */ = {isa = PBXBuildFile; fileRef = 2866E3502118231600279953 /* Assets.xcassets */; };
		2866E3542118231600279953 /* LaunchScreen.storyboard in Resources */ = {isa = PBXBuildFile; fileRef = 2866E3522118231600279953 /* LaunchScreen.storyboard */; };
		2866E3572118231600279953 /* main.m in Sources */ = {isa = PBXBuildFile; fileRef = 2866E3562118231600279953 /* main.m */; };
		2866E3612118231600279953 /* DemoTests.m in Sources */ = {isa = PBXBuildFile; fileRef = 2866E3602118231600279953 /* DemoTests.m */; };
		2866E36C2118231600279953 /* DemoUITests.m in Sources */ = {isa = PBXBuildFile; fileRef = 2866E36B2118231600279953 /* DemoUITests.m */; };
		2866E37C2118235300279953 /* YJBaseViewController.m in Sources */ = {isa = PBXBuildFile; fileRef = 2866E37B2118235300279953 /* YJBaseViewController.m */; };
		2866E37F2118237700279953 /* YJBaseTabBarViewController.m in Sources */ = {isa = PBXBuildFile; fileRef = 2866E37E2118237700279953 /* YJBaseTabBarViewController.m */; };
		2866E3822118239400279953 /* YJBaseNavigationViewController.m in Sources */ = {isa = PBXBuildFile; fileRef = 2866E3812118239400279953 /* YJBaseNavigationViewController.m */; };
		2866E3C5211861DA00279953 /* YJHTTPTool.m in Sources */ = {isa = PBXBuildFile; fileRef = 2866E3C4211861DA00279953 /* YJHTTPTool.m */; };
		2866E3CA2119496200279953 /* YJTools.m in Sources */ = {isa = PBXBuildFile; fileRef = 2866E3C92119496200279953 /* YJTools.m */; };
		28B8354E211C4D370045DF17 /* LargeTitleTableViewController.m in Sources */ = {isa = PBXBuildFile; fileRef = 28B8354D211C4D370045DF17 /* LargeTitleTableViewController.m */; };
		28B83554211D2E960045DF17 /* StoreCollectionViewController.m in Sources */ = {isa = PBXBuildFile; fileRef = 28B83553211D2E960045DF17 /* StoreCollectionViewController.m */; };
		28B83558211D30680045DF17 /* UIColor+FJUIColor_HEX.m in Sources */ = {isa = PBXBuildFile; fileRef = 28B83556211D30680045DF17 /* UIColor+FJUIColor_HEX.m */; };
		28B8355B211D309D0045DF17 /* UIView+Metrics.m in Sources */ = {isa = PBXBuildFile; fileRef = 28B8355A211D309D0045DF17 /* UIView+Metrics.m */; };
		28B83560211D72F60045DF17 /* UIView+Style.m in Sources */ = {isa = PBXBuildFile; fileRef = 28B8355F211D72F50045DF17 /* UIView+Style.m */; };
		28B83563211D742F0045DF17 /* StoreSubViewController.m in Sources */ = {isa = PBXBuildFile; fileRef = 28B83562211D742F0045DF17 /* StoreSubViewController.m */; };
		28B8356A21215D290045DF17 /* lockTableViewController.m in Sources */ = {isa = PBXBuildFile; fileRef = 28B8356821215D290045DF17 /* lockTableViewController.m */; };
		28B8356B21215D290045DF17 /* lockTableViewController.xib in Resources */ = {isa = PBXBuildFile; fileRef = 28B8356921215D290045DF17 /* lockTableViewController.xib */; };
		2CA2976380EA4F411E12C5EE /* libPods-DemoUITests.a in Frameworks */ = {isa = PBXBuildFile; fileRef = A972EB6DB23C98DE4980AC7E /* libPods-DemoUITests.a */; };
		9B5E05B110CB59D38A5524EB /* libPods-Demo.a in Frameworks */ = {isa = PBXBuildFile; fileRef = 17C679FE7A007E26853E5791 /* libPods-Demo.a */; };
		CCB2B43A0A06C3C312F49D43 /* libPods-DemoTests.a in Frameworks */ = {isa = PBXBuildFile; fileRef = 3A748A4B7D804FBD66825E2C /* libPods-DemoTests.a */; };
/* End PBXBuildFile section */

/* Begin PBXContainerItemProxy section */
		2866E35D2118231600279953 /* PBXContainerItemProxy */ = {
			isa = PBXContainerItemProxy;
			containerPortal = 2866E33C2118231400279953 /* Project object */;
			proxyType = 1;
			remoteGlobalIDString = 2866E3432118231400279953;
			remoteInfo = Demo;
		};
		2866E3682118231600279953 /* PBXContainerItemProxy */ = {
			isa = PBXContainerItemProxy;
			containerPortal = 2866E33C2118231400279953 /* Project object */;
			proxyType = 1;
			remoteGlobalIDString = 2866E3432118231400279953;
			remoteInfo = Demo;
		};
/* End PBXContainerItemProxy section */

/* Begin PBXFileReference section */
		17C679FE7A007E26853E5791 /* libPods-Demo.a */ = {isa = PBXFileReference; explicitFileType = archive.ar; includeInIndex = 0; path = "libPods-Demo.a"; sourceTree = BUILT_PRODUCTS_DIR; };
		2866E3442118231400279953 /* Demo.app */ = {isa = PBXFileReference; explicitFileType = wrapper.application; includeInIndex = 0; path = Demo.app; sourceTree = BUILT_PRODUCTS_DIR; };
		2866E3472118231400279953 /* AppDelegate.h */ = {isa = PBXFileReference; lastKnownFileType = sourcecode.c.h; path = AppDelegate.h; sourceTree = "<group>"; };
		2866E3482118231400279953 /* AppDelegate.m */ = {isa = PBXFileReference; lastKnownFileType = sourcecode.c.objc; path = AppDelegate.m; sourceTree = "<group>"; };
		2866E34A2118231400279953 /* ViewController.h */ = {isa = PBXFileReference; lastKnownFileType = sourcecode.c.h; path = ViewController.h; sourceTree = "<group>"; };
		2866E34B2118231400279953 /* ViewController.m */ = {isa = PBXFileReference; lastKnownFileType = sourcecode.c.objc; path = ViewController.m; sourceTree = "<group>"; };
		2866E34E2118231400279953 /* Base */ = {isa = PBXFileReference; lastKnownFileType = file.storyboard; name = Base; path = Base.lproj/Main.storyboard; sourceTree = "<group>"; };
		2866E3502118231600279953 /* Assets.xcassets */ = {isa = PBXFileReference; lastKnownFileType = folder.assetcatalog; path = Assets.xcassets; sourceTree = "<group>"; };
		2866E3532118231600279953 /* Base */ = {isa = PBXFileReference; lastKnownFileType = file.storyboard; name = Base; path = Base.lproj/LaunchScreen.storyboard; sourceTree = "<group>"; };
		2866E3552118231600279953 /* Info.plist */ = {isa = PBXFileReference; lastKnownFileType = text.plist.xml; path = Info.plist; sourceTree = "<group>"; };
		2866E3562118231600279953 /* main.m */ = {isa = PBXFileReference; lastKnownFileType = sourcecode.c.objc; path = main.m; sourceTree = "<group>"; };
		2866E35C2118231600279953 /* DemoTests.xctest */ = {isa = PBXFileReference; explicitFileType = wrapper.cfbundle; includeInIndex = 0; path = DemoTests.xctest; sourceTree = BUILT_PRODUCTS_DIR; };
		2866E3602118231600279953 /* DemoTests.m */ = {isa = PBXFileReference; lastKnownFileType = sourcecode.c.objc; path = DemoTests.m; sourceTree = "<group>"; };
		2866E3622118231600279953 /* Info.plist */ = {isa = PBXFileReference; lastKnownFileType = text.plist.xml; path = Info.plist; sourceTree = "<group>"; };
		2866E3672118231600279953 /* DemoUITests.xctest */ = {isa = PBXFileReference; explicitFileType = wrapper.cfbundle; includeInIndex = 0; path = DemoUITests.xctest; sourceTree = BUILT_PRODUCTS_DIR; };
		2866E36B2118231600279953 /* DemoUITests.m */ = {isa = PBXFileReference; lastKnownFileType = sourcecode.c.objc; path = DemoUITests.m; sourceTree = "<group>"; };
		2866E36D2118231600279953 /* Info.plist */ = {isa = PBXFileReference; lastKnownFileType = text.plist.xml; path = Info.plist; sourceTree = "<group>"; };
		2866E37A2118235300279953 /* YJBaseViewController.h */ = {isa = PBXFileReference; lastKnownFileType = sourcecode.c.h; path = YJBaseViewController.h; sourceTree = "<group>"; };
		2866E37B2118235300279953 /* YJBaseViewController.m */ = {isa = PBXFileReference; lastKnownFileType = sourcecode.c.objc; path = YJBaseViewController.m; sourceTree = "<group>"; };
		2866E37D2118237700279953 /* YJBaseTabBarViewController.h */ = {isa = PBXFileReference; lastKnownFileType = sourcecode.c.h; path = YJBaseTabBarViewController.h; sourceTree = "<group>"; };
		2866E37E2118237700279953 /* YJBaseTabBarViewController.m */ = {isa = PBXFileReference; lastKnownFileType = sourcecode.c.objc; path = YJBaseTabBarViewController.m; sourceTree = "<group>"; };
		2866E3802118239400279953 /* YJBaseNavigationViewController.h */ = {isa = PBXFileReference; lastKnownFileType = sourcecode.c.h; path = YJBaseNavigationViewController.h; sourceTree = "<group>"; };
		2866E3812118239400279953 /* YJBaseNavigationViewController.m */ = {isa = PBXFileReference; lastKnownFileType = sourcecode.c.objc; path = YJBaseNavigationViewController.m; sourceTree = "<group>"; };
		2866E3C3211861DA00279953 /* YJHTTPTool.h */ = {isa = PBXFileReference; lastKnownFileType = sourcecode.c.h; path = YJHTTPTool.h; sourceTree = "<group>"; };
		2866E3C4211861DA00279953 /* YJHTTPTool.m */ = {isa = PBXFileReference; lastKnownFileType = sourcecode.c.objc; path = YJHTTPTool.m; sourceTree = "<group>"; };
		2866E3C6211945DA00279953 /* YJHeader.h */ = {isa = PBXFileReference; lastKnownFileType = sourcecode.c.h; path = YJHeader.h; sourceTree = "<group>"; };
		2866E3C82119496200279953 /* YJTools.h */ = {isa = PBXFileReference; lastKnownFileType = sourcecode.c.h; path = YJTools.h; sourceTree = "<group>"; };
		2866E3C92119496200279953 /* YJTools.m */ = {isa = PBXFileReference; lastKnownFileType = sourcecode.c.objc; path = YJTools.m; sourceTree = "<group>"; };
		28B8354C211C4D370045DF17 /* LargeTitleTableViewController.h */ = {isa = PBXFileReference; lastKnownFileType = sourcecode.c.h; path = LargeTitleTableViewController.h; sourceTree = "<group>"; };
		28B8354D211C4D370045DF17 /* LargeTitleTableViewController.m */ = {isa = PBXFileReference; lastKnownFileType = sourcecode.c.objc; path = LargeTitleTableViewController.m; sourceTree = "<group>"; };
		28B83552211D2E960045DF17 /* StoreCollectionViewController.h */ = {isa = PBXFileReference; lastKnownFileType = sourcecode.c.h; path = StoreCollectionViewController.h; sourceTree = "<group>"; };
		28B83553211D2E960045DF17 /* StoreCollectionViewController.m */ = {isa = PBXFileReference; lastKnownFileType = sourcecode.c.objc; path = StoreCollectionViewController.m; sourceTree = "<group>"; };
		28B83556211D30680045DF17 /* UIColor+FJUIColor_HEX.m */ = {isa = PBXFileReference; fileEncoding = 4; lastKnownFileType = sourcecode.c.objc; path = "UIColor+FJUIColor_HEX.m"; sourceTree = "<group>"; };
		28B83557211D30680045DF17 /* UIColor+FJUIColor_HEX.h */ = {isa = PBXFileReference; fileEncoding = 4; lastKnownFileType = sourcecode.c.h; path = "UIColor+FJUIColor_HEX.h"; sourceTree = "<group>"; };
		28B83559211D309D0045DF17 /* UIView+Metrics.h */ = {isa = PBXFileReference; fileEncoding = 4; lastKnownFileType = sourcecode.c.h; path = "UIView+Metrics.h"; sourceTree = "<group>"; };
		28B8355A211D309D0045DF17 /* UIView+Metrics.m */ = {isa = PBXFileReference; fileEncoding = 4; lastKnownFileType = sourcecode.c.objc; path = "UIView+Metrics.m"; sourceTree = "<group>"; };
		28B8355D211D30F10045DF17 /* YJPch.pch */ = {isa = PBXFileReference; lastKnownFileType = sourcecode.c.h; path = YJPch.pch; sourceTree = "<group>"; };
		28B8355E211D72F50045DF17 /* UIView+Style.h */ = {isa = PBXFileReference; fileEncoding = 4; lastKnownFileType = sourcecode.c.h; path = "UIView+Style.h"; sourceTree = "<group>"; };
		28B8355F211D72F50045DF17 /* UIView+Style.m */ = {isa = PBXFileReference; fileEncoding = 4; lastKnownFileType = sourcecode.c.objc; path = "UIView+Style.m"; sourceTree = "<group>"; };
		28B83561211D742F0045DF17 /* StoreSubViewController.h */ = {isa = PBXFileReference; lastKnownFileType = sourcecode.c.h; path = StoreSubViewController.h; sourceTree = "<group>"; };
		28B83562211D742F0045DF17 /* StoreSubViewController.m */ = {isa = PBXFileReference; lastKnownFileType = sourcecode.c.objc; path = StoreSubViewController.m; sourceTree = "<group>"; };
		28B8356721215D290045DF17 /* lockTableViewController.h */ = {isa = PBXFileReference; lastKnownFileType = sourcecode.c.h; path = lockTableViewController.h; sourceTree = "<group>"; };
		28B8356821215D290045DF17 /* lockTableViewController.m */ = {isa = PBXFileReference; lastKnownFileType = sourcecode.c.objc; path = lockTableViewController.m; sourceTree = "<group>"; };
		28B8356921215D290045DF17 /* lockTableViewController.xib */ = {isa = PBXFileReference; lastKnownFileType = file.xib; path = lockTableViewController.xib; sourceTree = "<group>"; };
		3A748A4B7D804FBD66825E2C /* libPods-DemoTests.a */ = {isa = PBXFileReference; explicitFileType = archive.ar; includeInIndex = 0; path = "libPods-DemoTests.a"; sourceTree = BUILT_PRODUCTS_DIR; };
		85236F9BAE4F9B4245FDB380 /* Pods-DemoUITests.release.xcconfig */ = {isa = PBXFileReference; includeInIndex = 1; lastKnownFileType = text.xcconfig; name = "Pods-DemoUITests.release.xcconfig"; path = "Pods/Target Support Files/Pods-DemoUITests/Pods-DemoUITests.release.xcconfig"; sourceTree = "<group>"; };
		85C2E8631D2D84F76377CF4D /* Pods-DemoTests.release.xcconfig */ = {isa = PBXFileReference; includeInIndex = 1; lastKnownFileType = text.xcconfig; name = "Pods-DemoTests.release.xcconfig"; path = "Pods/Target Support Files/Pods-DemoTests/Pods-DemoTests.release.xcconfig"; sourceTree = "<group>"; };
		9A6D1EBE86DD16E46F49CC99 /* Pods-DemoTests.debug.xcconfig */ = {isa = PBXFileReference; includeInIndex = 1; lastKnownFileType = text.xcconfig; name = "Pods-DemoTests.debug.xcconfig"; path = "Pods/Target Support Files/Pods-DemoTests/Pods-DemoTests.debug.xcconfig"; sourceTree = "<group>"; };
		A972EB6DB23C98DE4980AC7E /* libPods-DemoUITests.a */ = {isa = PBXFileReference; explicitFileType = archive.ar; includeInIndex = 0; path = "libPods-DemoUITests.a"; sourceTree = BUILT_PRODUCTS_DIR; };
		BDAFBD6136F805D57F1B1BB5 /* Pods-Demo.debug.xcconfig */ = {isa = PBXFileReference; includeInIndex = 1; lastKnownFileType = text.xcconfig; name = "Pods-Demo.debug.xcconfig"; path = "Pods/Target Support Files/Pods-Demo/Pods-Demo.debug.xcconfig"; sourceTree = "<group>"; };
		EF0D8E8E8993626E58A4C3EC /* Pods-DemoUITests.debug.xcconfig */ = {isa = PBXFileReference; includeInIndex = 1; lastKnownFileType = text.xcconfig; name = "Pods-DemoUITests.debug.xcconfig"; path = "Pods/Target Support Files/Pods-DemoUITests/Pods-DemoUITests.debug.xcconfig"; sourceTree = "<group>"; };
		EF76DE99AF2CA227D96BB86D /* Pods-Demo.release.xcconfig */ = {isa = PBXFileReference; includeInIndex = 1; lastKnownFileType = text.xcconfig; name = "Pods-Demo.release.xcconfig"; path = "Pods/Target Support Files/Pods-Demo/Pods-Demo.release.xcconfig"; sourceTree = "<group>"; };
/* End PBXFileReference section */

/* Begin PBXFrameworksBuildPhase section */
		2866E3412118231400279953 /* Frameworks */ = {
			isa = PBXFrameworksBuildPhase;
			buildActionMask = 2147483647;
			files = (
				9B5E05B110CB59D38A5524EB /* libPods-Demo.a in Frameworks */,
			);
			runOnlyForDeploymentPostprocessing = 0;
		};
		2866E3592118231600279953 /* Frameworks */ = {
			isa = PBXFrameworksBuildPhase;
			buildActionMask = 2147483647;
			files = (
				CCB2B43A0A06C3C312F49D43 /* libPods-DemoTests.a in Frameworks */,
			);
			runOnlyForDeploymentPostprocessing = 0;
		};
		2866E3642118231600279953 /* Frameworks */ = {
			isa = PBXFrameworksBuildPhase;
			buildActionMask = 2147483647;
			files = (
				2CA2976380EA4F411E12C5EE /* libPods-DemoUITests.a in Frameworks */,
			);
			runOnlyForDeploymentPostprocessing = 0;
		};
/* End PBXFrameworksBuildPhase section */

/* Begin PBXGroup section */
		2866E33B2118231400279953 = {
			isa = PBXGroup;
			children = (
				2866E3462118231400279953 /* Demo */,
				2866E35F2118231600279953 /* DemoTests */,
				2866E36A2118231600279953 /* DemoUITests */,
				2866E3452118231400279953 /* Products */,
				E45B83E9660DD582F011499E /* Pods */,
				80E71C6D233A94DDFDFE8A47 /* Frameworks */,
			);
			sourceTree = "<group>";
		};
		2866E3452118231400279953 /* Products */ = {
			isa = PBXGroup;
			children = (
				2866E3442118231400279953 /* Demo.app */,
				2866E35C2118231600279953 /* DemoTests.xctest */,
				2866E3672118231600279953 /* DemoUITests.xctest */,
			);
			name = Products;
			sourceTree = "<group>";
		};
		2866E3462118231400279953 /* Demo */ = {
			isa = PBXGroup;
			children = (
				28B8355C211D30D20045DF17 /* Main */,
				2866E3792118231C00279953 /* YJBaseFoundation */,
				28B8354C211C4D370045DF17 /* LargeTitleTableViewController.h */,
				28B8354D211C4D370045DF17 /* LargeTitleTableViewController.m */,
				28B8356421215CDE0045DF17 /* 各种 */,
				2866E34A2118231400279953 /* ViewController.h */,
				2866E34B2118231400279953 /* ViewController.m */,
				2866E34D2118231400279953 /* Main.storyboard */,
				2866E3502118231600279953 /* Assets.xcassets */,
				2866E3522118231600279953 /* LaunchScreen.storyboard */,
				2866E3552118231600279953 /* Info.plist */,
				2866E3562118231600279953 /* main.m */,
			);
			path = Demo;
			sourceTree = "<group>";
		};
		2866E35F2118231600279953 /* DemoTests */ = {
			isa = PBXGroup;
			children = (
				2866E3602118231600279953 /* DemoTests.m */,
				2866E3622118231600279953 /* Info.plist */,
			);
			path = DemoTests;
			sourceTree = "<group>";
		};
		2866E36A2118231600279953 /* DemoUITests */ = {
			isa = PBXGroup;
			children = (
				2866E36B2118231600279953 /* DemoUITests.m */,
				2866E36D2118231600279953 /* Info.plist */,
			);
			path = DemoUITests;
			sourceTree = "<group>";
		};
		2866E3792118231C00279953 /* YJBaseFoundation */ = {
			isa = PBXGroup;
			children = (
				2866E3C6211945DA00279953 /* YJHeader.h */,
				28B83555211D30320045DF17 /* Category */,
				2866E3C7211948EC00279953 /* baseTool */,
				2866E3C2211860F800279953 /* baseNetWork */,
				2866E3C1211860D300279953 /* baseViewController */,
			);
			path = YJBaseFoundation;
			sourceTree = "<group>";
		};
		2866E3C1211860D300279953 /* baseViewController */ = {
			isa = PBXGroup;
			children = (
				2866E37A2118235300279953 /* YJBaseViewController.h */,
				2866E37B2118235300279953 /* YJBaseViewController.m */,
				2866E37D2118237700279953 /* YJBaseTabBarViewController.h */,
				2866E37E2118237700279953 /* YJBaseTabBarViewController.m */,
				2866E3802118239400279953 /* YJBaseNavigationViewController.h */,
				2866E3812118239400279953 /* YJBaseNavigationViewController.m */,
			);
			path = baseViewController;
			sourceTree = "<group>";
		};
		2866E3C2211860F800279953 /* baseNetWork */ = {
			isa = PBXGroup;
			children = (
				2866E3C3211861DA00279953 /* YJHTTPTool.h */,
				2866E3C4211861DA00279953 /* YJHTTPTool.m */,
			);
			path = baseNetWork;
			sourceTree = "<group>";
		};
		2866E3C7211948EC00279953 /* baseTool */ = {
			isa = PBXGroup;
			children = (
				2866E3C82119496200279953 /* YJTools.h */,
				2866E3C92119496200279953 /* YJTools.m */,
			);
			path = baseTool;
			sourceTree = "<group>";
		};
		28B83555211D30320045DF17 /* Category */ = {
			isa = PBXGroup;
			children = (
				28B8355E211D72F50045DF17 /* UIView+Style.h */,
				28B8355F211D72F50045DF17 /* UIView+Style.m */,
				28B83557211D30680045DF17 /* UIColor+FJUIColor_HEX.h */,
				28B83556211D30680045DF17 /* UIColor+FJUIColor_HEX.m */,
				28B83559211D309D0045DF17 /* UIView+Metrics.h */,
				28B8355A211D309D0045DF17 /* UIView+Metrics.m */,
			);
			path = Category;
			sourceTree = "<group>";
		};
		28B8355C211D30D20045DF17 /* Main */ = {
			isa = PBXGroup;
			children = (
				2866E3472118231400279953 /* AppDelegate.h */,
				2866E3482118231400279953 /* AppDelegate.m */,
				28B8355D211D30F10045DF17 /* YJPch.pch */,
			);
			path = Main;
			sourceTree = "<group>";
		};
		28B8356421215CDE0045DF17 /* 各种 */ = {
			isa = PBXGroup;
			children = (
				28B8356621215D070045DF17 /* 锁 */,
				28B8356521215CF00045DF17 /* 仿appStore */,
			);
			path = "各种";
			sourceTree = "<group>";
		};
		28B8356521215CF00045DF17 /* 仿appStore */ = {
			isa = PBXGroup;
			children = (
				28B83552211D2E960045DF17 /* StoreCollectionViewController.h */,
				28B83553211D2E960045DF17 /* StoreCollectionViewController.m */,
				28B83561211D742F0045DF17 /* StoreSubViewController.h */,
				28B83562211D742F0045DF17 /* StoreSubViewController.m */,
			);
			path = "仿appStore";
			sourceTree = "<group>";
		};
		28B8356621215D070045DF17 /* 锁 */ = {
			isa = PBXGroup;
			children = (
				28B8356721215D290045DF17 /* lockTableViewController.h */,
				28B8356821215D290045DF17 /* lockTableViewController.m */,
				28B8356921215D290045DF17 /* lockTableViewController.xib */,
			);
			path = "锁";
			sourceTree = "<group>";
		};
		80E71C6D233A94DDFDFE8A47 /* Frameworks */ = {
			isa = PBXGroup;
			children = (
				17C679FE7A007E26853E5791 /* libPods-Demo.a */,
				3A748A4B7D804FBD66825E2C /* libPods-DemoTests.a */,
				A972EB6DB23C98DE4980AC7E /* libPods-DemoUITests.a */,
			);
			name = Frameworks;
			sourceTree = "<group>";
		};
		E45B83E9660DD582F011499E /* Pods */ = {
			isa = PBXGroup;
			children = (
				BDAFBD6136F805D57F1B1BB5 /* Pods-Demo.debug.xcconfig */,
				EF76DE99AF2CA227D96BB86D /* Pods-Demo.release.xcconfig */,
				9A6D1EBE86DD16E46F49CC99 /* Pods-DemoTests.debug.xcconfig */,
				85C2E8631D2D84F76377CF4D /* Pods-DemoTests.release.xcconfig */,
				EF0D8E8E8993626E58A4C3EC /* Pods-DemoUITests.debug.xcconfig */,
				85236F9BAE4F9B4245FDB380 /* Pods-DemoUITests.release.xcconfig */,
			);
			name = Pods;
			sourceTree = "<group>";
		};
/* End PBXGroup section */

/* Begin PBXNativeTarget section */
		2866E3432118231400279953 /* Demo */ = {
			isa = PBXNativeTarget;
			buildConfigurationList = 2866E3702118231600279953 /* Build configuration list for PBXNativeTarget "Demo" */;
			buildPhases = (
				D75B237C5B0C9B051C117417 /* [CP] Check Pods Manifest.lock */,
				2866E3402118231400279953 /* Sources */,
				2866E3412118231400279953 /* Frameworks */,
				2866E3422118231400279953 /* Resources */,
				9E0CD8D46D4C5B5F06F483B9 /* [CP] Copy Pods Resources */,
			);
			buildRules = (
			);
			dependencies = (
			);
			name = Demo;
			productName = Demo;
			productReference = 2866E3442118231400279953 /* Demo.app */;
			productType = "com.apple.product-type.application";
		};
		2866E35B2118231600279953 /* DemoTests */ = {
			isa = PBXNativeTarget;
			buildConfigurationList = 2866E3732118231600279953 /* Build configuration list for PBXNativeTarget "DemoTests" */;
			buildPhases = (
				AEEE695D9B13FE98CA133C28 /* [CP] Check Pods Manifest.lock */,
				2866E3582118231600279953 /* Sources */,
				2866E3592118231600279953 /* Frameworks */,
				2866E35A2118231600279953 /* Resources */,
			);
			buildRules = (
			);
			dependencies = (
				2866E35E2118231600279953 /* PBXTargetDependency */,
			);
			name = DemoTests;
			productName = DemoTests;
			productReference = 2866E35C2118231600279953 /* DemoTests.xctest */;
			productType = "com.apple.product-type.bundle.unit-test";
		};
		2866E3662118231600279953 /* DemoUITests */ = {
			isa = PBXNativeTarget;
			buildConfigurationList = 2866E3762118231600279953 /* Build configuration list for PBXNativeTarget "DemoUITests" */;
			buildPhases = (
				04355B1B680BB2B3BF4B1622 /* [CP] Check Pods Manifest.lock */,
				2866E3632118231600279953 /* Sources */,
				2866E3642118231600279953 /* Frameworks */,
				2866E3652118231600279953 /* Resources */,
			);
			buildRules = (
			);
			dependencies = (
				2866E3692118231600279953 /* PBXTargetDependency */,
			);
			name = DemoUITests;
			productName = DemoUITests;
			productReference = 2866E3672118231600279953 /* DemoUITests.xctest */;
			productType = "com.apple.product-type.bundle.ui-testing";
		};
/* End PBXNativeTarget section */

/* Begin PBXProject section */
		2866E33C2118231400279953 /* Project object */ = {
			isa = PBXProject;
			attributes = {
				LastUpgradeCheck = 0940;
				ORGANIZATIONNAME = demo;
				TargetAttributes = {
					2866E3432118231400279953 = {
						CreatedOnToolsVersion = 9.4.1;
					};
					2866E35B2118231600279953 = {
						CreatedOnToolsVersion = 9.4.1;
						TestTargetID = 2866E3432118231400279953;
					};
					2866E3662118231600279953 = {
						CreatedOnToolsVersion = 9.4.1;
						TestTargetID = 2866E3432118231400279953;
					};
				};
			};
			buildConfigurationList = 2866E33F2118231400279953 /* Build configuration list for PBXProject "Demo" */;
			compatibilityVersion = "Xcode 9.3";
			developmentRegion = en;
			hasScannedForEncodings = 0;
			knownRegions = (
				en,
				Base,
			);
			mainGroup = 2866E33B2118231400279953;
			productRefGroup = 2866E3452118231400279953 /* Products */;
			projectDirPath = "";
			projectRoot = "";
			targets = (
				2866E3432118231400279953 /* Demo */,
				2866E35B2118231600279953 /* DemoTests */,
				2866E3662118231600279953 /* DemoUITests */,
			);
		};
/* End PBXProject section */

/* Begin PBXResourcesBuildPhase section */
		2866E3422118231400279953 /* Resources */ = {
			isa = PBXResourcesBuildPhase;
			buildActionMask = 2147483647;
			files = (
				28B8356B21215D290045DF17 /* lockTableViewController.xib in Resources */,
				2866E3542118231600279953 /* LaunchScreen.storyboard in Resources */,
				2866E3512118231600279953 /* Assets.xcassets in Resources */,
				2866E34F2118231400279953 /* Main.storyboard in Resources */,
			);
			runOnlyForDeploymentPostprocessing = 0;
		};
		2866E35A2118231600279953 /* Resources */ = {
			isa = PBXResourcesBuildPhase;
			buildActionMask = 2147483647;
			files = (
			);
			runOnlyForDeploymentPostprocessing = 0;
		};
		2866E3652118231600279953 /* Resources */ = {
			isa = PBXResourcesBuildPhase;
			buildActionMask = 2147483647;
			files = (
			);
			runOnlyForDeploymentPostprocessing = 0;
		};
/* End PBXResourcesBuildPhase section */

/* Begin PBXShellScriptBuildPhase section */
		04355B1B680BB2B3BF4B1622 /* [CP] Check Pods Manifest.lock */ = {
			isa = PBXShellScriptBuildPhase;
			buildActionMask = 2147483647;
			files = (
			);
			inputPaths = (
				"${PODS_PODFILE_DIR_PATH}/Podfile.lock",
				"${PODS_ROOT}/Manifest.lock",
			);
			name = "[CP] Check Pods Manifest.lock";
			outputPaths = (
				"$(DERIVED_FILE_DIR)/Pods-DemoUITests-checkManifestLockResult.txt",
			);
			runOnlyForDeploymentPostprocessing = 0;
			shellPath = /bin/sh;
			shellScript = "diff \"${PODS_PODFILE_DIR_PATH}/Podfile.lock\" \"${PODS_ROOT}/Manifest.lock\" > /dev/null\nif [ $? != 0 ] ; then\n    # print error to STDERR\n    echo \"error: The sandbox is not in sync with the Podfile.lock. Run 'pod install' or update your CocoaPods installation.\" >&2\n    exit 1\nfi\n# This output is used by Xcode 'outputs' to avoid re-running this script phase.\necho \"SUCCESS\" > \"${SCRIPT_OUTPUT_FILE_0}\"\n";
			showEnvVarsInLog = 0;
		};
		9E0CD8D46D4C5B5F06F483B9 /* [CP] Copy Pods Resources */ = {
			isa = PBXShellScriptBuildPhase;
			buildActionMask = 2147483647;
			files = (
			);
			inputPaths = (
				"${SRCROOT}/Pods/Target Support Files/Pods-Demo/Pods-Demo-resources.sh",
				"${PODS_ROOT}/SVProgressHUD/SVProgressHUD/SVProgressHUD.bundle",
			);
			name = "[CP] Copy Pods Resources";
			outputPaths = (
				"${TARGET_BUILD_DIR}/${UNLOCALIZED_RESOURCES_FOLDER_PATH}/SVProgressHUD.bundle",
			);
			runOnlyForDeploymentPostprocessing = 0;
			shellPath = /bin/sh;
			shellScript = "\"${SRCROOT}/Pods/Target Support Files/Pods-Demo/Pods-Demo-resources.sh\"\n";
			showEnvVarsInLog = 0;
		};
		AEEE695D9B13FE98CA133C28 /* [CP] Check Pods Manifest.lock */ = {
			isa = PBXShellScriptBuildPhase;
			buildActionMask = 2147483647;
			files = (
			);
			inputPaths = (
				"${PODS_PODFILE_DIR_PATH}/Podfile.lock",
				"${PODS_ROOT}/Manifest.lock",
			);
			name = "[CP] Check Pods Manifest.lock";
			outputPaths = (
				"$(DERIVED_FILE_DIR)/Pods-DemoTests-checkManifestLockResult.txt",
			);
			runOnlyForDeploymentPostprocessing = 0;
			shellPath = /bin/sh;
			shellScript = "diff \"${PODS_PODFILE_DIR_PATH}/Podfile.lock\" \"${PODS_ROOT}/Manifest.lock\" > /dev/null\nif [ $? != 0 ] ; then\n    # print error to STDERR\n    echo \"error: The sandbox is not in sync with the Podfile.lock. Run 'pod install' or update your CocoaPods installation.\" >&2\n    exit 1\nfi\n# This output is used by Xcode 'outputs' to avoid re-running this script phase.\necho \"SUCCESS\" > \"${SCRIPT_OUTPUT_FILE_0}\"\n";
			showEnvVarsInLog = 0;
		};
		D75B237C5B0C9B051C117417 /* [CP] Check Pods Manifest.lock */ = {
			isa = PBXShellScriptBuildPhase;
			buildActionMask = 2147483647;
			files = (
			);
			inputPaths = (
				"${PODS_PODFILE_DIR_PATH}/Podfile.lock",
				"${PODS_ROOT}/Manifest.lock",
			);
			name = "[CP] Check Pods Manifest.lock";
			outputPaths = (
				"$(DERIVED_FILE_DIR)/Pods-Demo-checkManifestLockResult.txt",
			);
			runOnlyForDeploymentPostprocessing = 0;
			shellPath = /bin/sh;
			shellScript = "diff \"${PODS_PODFILE_DIR_PATH}/Podfile.lock\" \"${PODS_ROOT}/Manifest.lock\" > /dev/null\nif [ $? != 0 ] ; then\n    # print error to STDERR\n    echo \"error: The sandbox is not in sync with the Podfile.lock. Run 'pod install' or update your CocoaPods installation.\" >&2\n    exit 1\nfi\n# This output is used by Xcode 'outputs' to avoid re-running this script phase.\necho \"SUCCESS\" > \"${SCRIPT_OUTPUT_FILE_0}\"\n";
			showEnvVarsInLog = 0;
		};
/* End PBXShellScriptBuildPhase section */

/* Begin PBXSourcesBuildPhase section */
		2866E3402118231400279953 /* Sources */ = {
			isa = PBXSourcesBuildPhase;
			buildActionMask = 2147483647;
			files = (
				28B8356A21215D290045DF17 /* lockTableViewController.m in Sources */,
				2866E3CA2119496200279953 /* YJTools.m in Sources */,
				2866E34C2118231400279953 /* ViewController.m in Sources */,
				2866E3572118231600279953 /* main.m in Sources */,
				28B83558211D30680045DF17 /* UIColor+FJUIColor_HEX.m in Sources */,
				2866E3822118239400279953 /* YJBaseNavigationViewController.m in Sources */,
				2866E37F2118237700279953 /* YJBaseTabBarViewController.m in Sources */,
				28B8355B211D309D0045DF17 /* UIView+Metrics.m in Sources */,
				28B83560211D72F60045DF17 /* UIView+Style.m in Sources */,
				28B8354E211C4D370045DF17 /* LargeTitleTableViewController.m in Sources */,
				28B83554211D2E960045DF17 /* StoreCollectionViewController.m in Sources */,
				2866E3C5211861DA00279953 /* YJHTTPTool.m in Sources */,
				2866E37C2118235300279953 /* YJBaseViewController.m in Sources */,
				2866E3492118231400279953 /* AppDelegate.m in Sources */,
				28B83563211D742F0045DF17 /* StoreSubViewController.m in Sources */,
			);
			runOnlyForDeploymentPostprocessing = 0;
		};
		2866E3582118231600279953 /* Sources */ = {
			isa = PBXSourcesBuildPhase;
			buildActionMask = 2147483647;
			files = (
				2866E3612118231600279953 /* DemoTests.m in Sources */,
			);
			runOnlyForDeploymentPostprocessing = 0;
		};
		2866E3632118231600279953 /* Sources */ = {
			isa = PBXSourcesBuildPhase;
			buildActionMask = 2147483647;
			files = (
				2866E36C2118231600279953 /* DemoUITests.m in Sources */,
			);
			runOnlyForDeploymentPostprocessing = 0;
		};
/* End PBXSourcesBuildPhase section */

/* Begin PBXTargetDependency section */
		2866E35E2118231600279953 /* PBXTargetDependency */ = {
			isa = PBXTargetDependency;
			target = 2866E3432118231400279953 /* Demo */;
			targetProxy = 2866E35D2118231600279953 /* PBXContainerItemProxy */;
		};
		2866E3692118231600279953 /* PBXTargetDependency */ = {
			isa = PBXTargetDependency;
			target = 2866E3432118231400279953 /* Demo */;
			targetProxy = 2866E3682118231600279953 /* PBXContainerItemProxy */;
		};
/* End PBXTargetDependency section */

/* Begin PBXVariantGroup section */
		2866E34D2118231400279953 /* Main.storyboard */ = {
			isa = PBXVariantGroup;
			children = (
				2866E34E2118231400279953 /* Base */,
			);
			name = Main.storyboard;
			sourceTree = "<group>";
		};
		2866E3522118231600279953 /* LaunchScreen.storyboard */ = {
			isa = PBXVariantGroup;
			children = (
				2866E3532118231600279953 /* Base */,
			);
			name = LaunchScreen.storyboard;
			sourceTree = "<group>";
		};
/* End PBXVariantGroup section */

/* Begin XCBuildConfiguration section */
		2866E36E2118231600279953 /* Debug */ = {
			isa = XCBuildConfiguration;
			buildSettings = {
				ALWAYS_SEARCH_USER_PATHS = NO;
				CLANG_ANALYZER_NONNULL = YES;
				CLANG_ANALYZER_NUMBER_OBJECT_CONVERSION = YES_AGGRESSIVE;
				CLANG_CXX_LANGUAGE_STANDARD = "gnu++14";
				CLANG_CXX_LIBRARY = "libc++";
				CLANG_ENABLE_MODULES = YES;
				CLANG_ENABLE_OBJC_ARC = YES;
				CLANG_ENABLE_OBJC_WEAK = YES;
				CLANG_WARN_BLOCK_CAPTURE_AUTORELEASING = YES;
				CLANG_WARN_BOOL_CONVERSION = YES;
				CLANG_WARN_COMMA = YES;
				CLANG_WARN_CONSTANT_CONVERSION = YES;
				CLANG_WARN_DEPRECATED_OBJC_IMPLEMENTATIONS = YES;
				CLANG_WARN_DIRECT_OBJC_ISA_USAGE = YES_ERROR;
				CLANG_WARN_DOCUMENTATION_COMMENTS = YES;
				CLANG_WARN_EMPTY_BODY = YES;
				CLANG_WARN_ENUM_CONVERSION = YES;
				CLANG_WARN_INFINITE_RECURSION = YES;
				CLANG_WARN_INT_CONVERSION = YES;
				CLANG_WARN_NON_LITERAL_NULL_CONVERSION = YES;
				CLANG_WARN_OBJC_IMPLICIT_RETAIN_SELF = YES;
				CLANG_WARN_OBJC_LITERAL_CONVERSION = YES;
				CLANG_WARN_OBJC_ROOT_CLASS = YES_ERROR;
				CLANG_WARN_RANGE_LOOP_ANALYSIS = YES;
				CLANG_WARN_STRICT_PROTOTYPES = YES;
				CLANG_WARN_SUSPICIOUS_MOVE = YES;
				CLANG_WARN_UNGUARDED_AVAILABILITY = YES_AGGRESSIVE;
				CLANG_WARN_UNREACHABLE_CODE = YES;
				CLANG_WARN__DUPLICATE_METHOD_MATCH = YES;
				CODE_SIGN_IDENTITY = "iPhone Developer";
				COPY_PHASE_STRIP = NO;
				DEBUG_INFORMATION_FORMAT = dwarf;
				ENABLE_STRICT_OBJC_MSGSEND = YES;
				ENABLE_TESTABILITY = YES;
				GCC_C_LANGUAGE_STANDARD = gnu11;
				GCC_DYNAMIC_NO_PIC = NO;
				GCC_NO_COMMON_BLOCKS = YES;
				GCC_OPTIMIZATION_LEVEL = 0;
				GCC_PREPROCESSOR_DEFINITIONS = (
					"DEBUG=1",
					"$(inherited)",
				);
				GCC_WARN_64_TO_32_BIT_CONVERSION = YES;
				GCC_WARN_ABOUT_RETURN_TYPE = YES_ERROR;
				GCC_WARN_UNDECLARED_SELECTOR = YES;
				GCC_WARN_UNINITIALIZED_AUTOS = YES_AGGRESSIVE;
				GCC_WARN_UNUSED_FUNCTION = YES;
				GCC_WARN_UNUSED_VARIABLE = YES;
				IPHONEOS_DEPLOYMENT_TARGET = 11.4;
				MTL_ENABLE_DEBUG_INFO = YES;
				ONLY_ACTIVE_ARCH = YES;
				SDKROOT = iphoneos;
			};
			name = Debug;
		};
		2866E36F2118231600279953 /* Release */ = {
			isa = XCBuildConfiguration;
			buildSettings = {
				ALWAYS_SEARCH_USER_PATHS = NO;
				CLANG_ANALYZER_NONNULL = YES;
				CLANG_ANALYZER_NUMBER_OBJECT_CONVERSION = YES_AGGRESSIVE;
				CLANG_CXX_LANGUAGE_STANDARD = "gnu++14";
				CLANG_CXX_LIBRARY = "libc++";
				CLANG_ENABLE_MODULES = YES;
				CLANG_ENABLE_OBJC_ARC = YES;
				CLANG_ENABLE_OBJC_WEAK = YES;
				CLANG_WARN_BLOCK_CAPTURE_AUTORELEASING = YES;
				CLANG_WARN_BOOL_CONVERSION = YES;
				CLANG_WARN_COMMA = YES;
				CLANG_WARN_CONSTANT_CONVERSION = YES;
				CLANG_WARN_DEPRECATED_OBJC_IMPLEMENTATIONS = YES;
				CLANG_WARN_DIRECT_OBJC_ISA_USAGE = YES_ERROR;
				CLANG_WARN_DOCUMENTATION_COMMENTS = YES;
				CLANG_WARN_EMPTY_BODY = YES;
				CLANG_WARN_ENUM_CONVERSION = YES;
				CLANG_WARN_INFINITE_RECURSION = YES;
				CLANG_WARN_INT_CONVERSION = YES;
				CLANG_WARN_NON_LITERAL_NULL_CONVERSION = YES;
				CLANG_WARN_OBJC_IMPLICIT_RETAIN_SELF = YES;
				CLANG_WARN_OBJC_LITERAL_CONVERSION = YES;
				CLANG_WARN_OBJC_ROOT_CLASS = YES_ERROR;
				CLANG_WARN_RANGE_LOOP_ANALYSIS = YES;
				CLANG_WARN_STRICT_PROTOTYPES = YES;
				CLANG_WARN_SUSPICIOUS_MOVE = YES;
				CLANG_WARN_UNGUARDED_AVAILABILITY = YES_AGGRESSIVE;
				CLANG_WARN_UNREACHABLE_CODE = YES;
				CLANG_WARN__DUPLICATE_METHOD_MATCH = YES;
				CODE_SIGN_IDENTITY = "iPhone Developer";
				COPY_PHASE_STRIP = NO;
				DEBUG_INFORMATION_FORMAT = "dwarf-with-dsym";
				ENABLE_NS_ASSERTIONS = NO;
				ENABLE_STRICT_OBJC_MSGSEND = YES;
				GCC_C_LANGUAGE_STANDARD = gnu11;
				GCC_NO_COMMON_BLOCKS = YES;
				GCC_WARN_64_TO_32_BIT_CONVERSION = YES;
				GCC_WARN_ABOUT_RETURN_TYPE = YES_ERROR;
				GCC_WARN_UNDECLARED_SELECTOR = YES;
				GCC_WARN_UNINITIALIZED_AUTOS = YES_AGGRESSIVE;
				GCC_WARN_UNUSED_FUNCTION = YES;
				GCC_WARN_UNUSED_VARIABLE = YES;
				IPHONEOS_DEPLOYMENT_TARGET = 11.4;
				MTL_ENABLE_DEBUG_INFO = NO;
				SDKROOT = iphoneos;
				VALIDATE_PRODUCT = YES;
			};
			name = Release;
		};
		2866E3712118231600279953 /* Debug */ = {
			isa = XCBuildConfiguration;
			baseConfigurationReference = BDAFBD6136F805D57F1B1BB5 /* Pods-Demo.debug.xcconfig */;
			buildSettings = {
				ASSETCATALOG_COMPILER_APPICON_NAME = AppIcon;
				CODE_SIGN_STYLE = Automatic;
				DEVELOPMENT_TEAM = B893F2ZP58;
				GCC_PREFIX_HEADER = /Users/FunnyUncle1/Desktop/baseFile/YJBaseFoundation/Demo/Demo/Main/YJPch.pch;
				INFOPLIST_FILE = Demo/Info.plist;
				LD_RUNPATH_SEARCH_PATHS = (
					"$(inherited)",
					"@executable_path/Frameworks",
				);
				PRODUCT_BUNDLE_IDENTIFIER = com.yj.Demo;
				PRODUCT_NAME = "$(TARGET_NAME)";
				TARGETED_DEVICE_FAMILY = "1,2";
			};
			name = Debug;
		};
		2866E3722118231600279953 /* Release */ = {
			isa = XCBuildConfiguration;
			baseConfigurationReference = EF76DE99AF2CA227D96BB86D /* Pods-Demo.release.xcconfig */;
			buildSettings = {
				ASSETCATALOG_COMPILER_APPICON_NAME = AppIcon;
				CODE_SIGN_STYLE = Automatic;
				DEVELOPMENT_TEAM = B893F2ZP58;
				GCC_PREFIX_HEADER = /Users/FunnyUncle1/Desktop/baseFile/YJBaseFoundation/Demo/Demo/Main/YJPch.pch;
				INFOPLIST_FILE = Demo/Info.plist;
				LD_RUNPATH_SEARCH_PATHS = (
					"$(inherited)",
					"@executable_path/Frameworks",
				);
				PRODUCT_BUNDLE_IDENTIFIER = com.yj.Demo;
				PRODUCT_NAME = "$(TARGET_NAME)";
				TARGETED_DEVICE_FAMILY = "1,2";
			};
			name = Release;
		};
		2866E3742118231600279953 /* Debug */ = {
			isa = XCBuildConfiguration;
			baseConfigurationReference = 9A6D1EBE86DD16E46F49CC99 /* Pods-DemoTests.debug.xcconfig */;
			buildSettings = {
				BUNDLE_LOADER = "$(TEST_HOST)";
				CODE_SIGN_STYLE = Automatic;
				INFOPLIST_FILE = DemoTests/Info.plist;
				LD_RUNPATH_SEARCH_PATHS = (
					"$(inherited)",
					"@executable_path/Frameworks",
					"@loader_path/Frameworks",
				);
				PRODUCT_BUNDLE_IDENTIFIER = com.yj.DemoTests;
				PRODUCT_NAME = "$(TARGET_NAME)";
				TARGETED_DEVICE_FAMILY = "1,2";
				TEST_HOST = "$(BUILT_PRODUCTS_DIR)/Demo.app/Demo";
			};
			name = Debug;
		};
		2866E3752118231600279953 /* Release */ = {
			isa = XCBuildConfiguration;
			baseConfigurationReference = 85C2E8631D2D84F76377CF4D /* Pods-DemoTests.release.xcconfig */;
			buildSettings = {
				BUNDLE_LOADER = "$(TEST_HOST)";
				CODE_SIGN_STYLE = Automatic;
				INFOPLIST_FILE = DemoTests/Info.plist;
				LD_RUNPATH_SEARCH_PATHS = (
					"$(inherited)",
					"@executable_path/Frameworks",
					"@loader_path/Frameworks",
				);
				PRODUCT_BUNDLE_IDENTIFIER = com.yj.DemoTests;
				PRODUCT_NAME = "$(TARGET_NAME)";
				TARGETED_DEVICE_FAMILY = "1,2";
				TEST_HOST = "$(BUILT_PRODUCTS_DIR)/Demo.app/Demo";
			};
			name = Release;
		};
		2866E3772118231600279953 /* Debug */ = {
			isa = XCBuildConfiguration;
			baseConfigurationReference = EF0D8E8E8993626E58A4C3EC /* Pods-DemoUITests.debug.xcconfig */;
			buildSettings = {
				CODE_SIGN_STYLE = Automatic;
				INFOPLIST_FILE = DemoUITests/Info.plist;
				LD_RUNPATH_SEARCH_PATHS = (
					"$(inherited)",
					"@executable_path/Frameworks",
					"@loader_path/Frameworks",
				);
				PRODUCT_BUNDLE_IDENTIFIER = com.yj.DemoUITests;
				PRODUCT_NAME = "$(TARGET_NAME)";
				TARGETED_DEVICE_FAMILY = "1,2";
				TEST_TARGET_NAME = Demo;
			};
			name = Debug;
		};
		2866E3782118231600279953 /* Release */ = {
			isa = XCBuildConfiguration;
			baseConfigurationReference = 85236F9BAE4F9B4245FDB380 /* Pods-DemoUITests.release.xcconfig */;
			buildSettings = {
				CODE_SIGN_STYLE = Automatic;
				INFOPLIST_FILE = DemoUITests/Info.plist;
				LD_RUNPATH_SEARCH_PATHS = (
					"$(inherited)",
					"@executable_path/Frameworks",
					"@loader_path/Frameworks",
				);
				PRODUCT_BUNDLE_IDENTIFIER = com.yj.DemoUITests;
				PRODUCT_NAME = "$(TARGET_NAME)";
				TARGETED_DEVICE_FAMILY = "1,2";
				TEST_TARGET_NAME = Demo;
			};
			name = Release;
		};
/* End XCBuildConfiguration section */

/* Begin XCConfigurationList section */
		2866E33F2118231400279953 /* Build configuration list for PBXProject "Demo" */ = {
			isa = XCConfigurationList;
			buildConfigurations = (
				2866E36E2118231600279953 /* Debug */,
				2866E36F2118231600279953 /* Release */,
			);
			defaultConfigurationIsVisible = 0;
			defaultConfigurationName = Release;
		};
		2866E3702118231600279953 /* Build configuration list for PBXNativeTarget "Demo" */ = {
			isa = XCConfigurationList;
			buildConfigurations = (
				2866E3712118231600279953 /* Debug */,
				2866E3722118231600279953 /* Release */,
			);
			defaultConfigurationIsVisible = 0;
			defaultConfigurationName = Release;
		};
		2866E3732118231600279953 /* Build configuration list for PBXNativeTarget "DemoTests" */ = {
			isa = XCConfigurationList;
			buildConfigurations = (
				2866E3742118231600279953 /* Debug */,
				2866E3752118231600279953 /* Release */,
			);
			defaultConfigurationIsVisible = 0;
			defaultConfigurationName = Release;
		};
		2866E3762118231600279953 /* Build configuration list for PBXNativeTarget "DemoUITests" */ = {
			isa = XCConfigurationList;
			buildConfigurations = (
				2866E3772118231600279953 /* Debug */,
				2866E3782118231600279953 /* Release */,
			);
			defaultConfigurationIsVisible = 0;
			defaultConfigurationName = Release;
		};
/* End XCConfigurationList section */
	};
	rootObject = 2866E33C2118231400279953 /* Project object */;
}
